{
  "name": "tictactrip",
  "version": "1.0.0",
  "lockfileVersion": 3,
  "requires": true,
  "packages": {
    "": {
      "name": "tictactrip",
      "version": "1.0.0",
      "license": "ISC",
      "devDependencies": {
        "@tsconfig/node20": "^20.1.9"
      }
    },
    "node_modules/@tsconfig/node20": {
      "version": "20.1.9",
      "resolved": "https://registry.npmjs.org/@tsconfig/node20/-/node20-20.1.9.tgz",
      "integrity": "sha512-IjlTv1RsvnPtUcjTqtVsZExKVq+KQx4g5pCP5tI7rAs6Xesl2qFwSz/tPDBC4JajkL/MlezBu3gPUwqRHl+RIg==",
      "dev": true,
      "license": "MIT"
    }
  }
}
